
Microsoft Visual Studio Solution File, Format Version 12.00
# Visual Studio 14
VisualStudioVersion = 14.0.25123.0
MinimumVisualStudioVersion = 10.0.40219.1
Project("{537C5AF9-0152-4A91-9B06-2C6AA5C116DD}") = "Sitecore.Support.167605", "Sitecore.Support.167605\Sitecore.Support.167605.csproj", "{17A7110F-B10C-4472-AB70-694E63FE6C2D}"
EndProject
Global
	GlobalSection(SolutionConfigurationPlatforms) = preSolution
		Debug|Any CPU = Debug|Any CPU
		Release|Any CPU = Release|Any CPU
	EndGlobalSection
	GlobalSection(ProjectConfigurationPlatforms) = postSolution
		{17A7110F-B10C-4472-AB70-694E63FE6C2D}.Debug|Any CPU.ActiveCfg = Debug|Any CPU
		{17A7110F-B10C-4472-AB70-694E63FE6C2D}.Debug|Any CPU.Build.0 = Debug|Any CPU
		{17A7110F-B10C-4472-AB70-694E63FE6C2D}.Release|Any CPU.ActiveCfg = Release|Any CPU
		{17A7110F-B10C-4472-AB70-694E63FE6C2D}.Release|Any CPU.Build.0 = Release|Any CPU
	EndGlobalSection
	GlobalSection(SolutionProperties) = preSolution
		HideSolutionNode = FALSE
	EndGlobalSection
EndGlobal
